
Microsoft Visual Studio Solution File, Format Version 12.00
# Visual Studio Version 16
VisualStudioVersion = 16.0.32510.428
MinimumVisualStudioVersion = 10.0.40219.1
Project("{8BC9CEB8-8B4A-11D0-8D11-00A0C91BC942}") = "odd njmber calculation", "odd njmber calculation.vcxproj", "{021C548F-BC7A-4D15-9A57-0EF15C80716F}"
EndProject
Global
	GlobalSection(SolutionConfigurationPlatforms) = preSolution
		Debug|x64 = Debug|x64
		Debug|x86 = Debug|x86
		Release|x64 = Release|x64
		Release|x86 = Release|x86
	EndGlobalSection
	GlobalSection(ProjectConfigurationPlatforms) = postSolution
		{021C548F-BC7A-4D15-9A57-0EF15C80716F}.Debug|x64.ActiveCfg = Debug|x64
		{021C548F-BC7A-4D15-9A57-0EF15C80716F}.Debug|x64.Build.0 = Debug|x64
		{021C548F-BC7A-4D15-9A57-0EF15C80716F}.Debug|x86.ActiveCfg = Debug|Win32
		{021C548F-BC7A-4D15-9A57-0EF15C80716F}.Debug|x86.Build.0 = Debug|Win32
		{021C548F-BC7A-4D15-9A57-0EF15C80716F}.Release|x64.ActiveCfg = Release|x64
		{021C548F-BC7A-4D15-9A57-0EF15C80716F}.Release|x64.Build.0 = Release|x64
		{021C548F-BC7A-4D15-9A57-0EF15C80716F}.Release|x86.ActiveCfg = Release|Win32
		{021C548F-BC7A-4D15-9A57-0EF15C80716F}.Release|x86.Build.0 = Release|Win32
	EndGlobalSection
	GlobalSection(SolutionProperties) = preSolution
		HideSolutionNode = FALSE
	EndGlobalSection
	GlobalSection(ExtensibilityGlobals) = postSolution
		SolutionGuid = {DC44C1A0-3B58-4CF5-93FF-10C53A27D11B}
	EndGlobalSection
EndGlobal
